
Microsoft Visual Studio Solution File, Format Version 12.00
# Visual Studio Version 17
VisualStudioVersion = 17.3.32825.248
MinimumVisualStudioVersion = 10.0.40219.1
Project("{FAE04EC0-301F-11D3-BF4B-00C04F79EFBC}") = "UtlaggshanteringBackendAPI", "UtlaggshanteringBackendAPI.csproj", "{3247F6AD-1330-49E4-A729-73D8B54C8E85}"
EndProject
Global
	GlobalSection(SolutionConfigurationPlatforms) = preSolution
		Debug|Any CPU = Debug|Any CPU
		Release|Any CPU = Release|Any CPU
	EndGlobalSection
	GlobalSection(ProjectConfigurationPlatforms) = postSolution
		{3247F6AD-1330-49E4-A729-73D8B54C8E85}.Debug|Any CPU.ActiveCfg = Debug|Any CPU
		{3247F6AD-1330-49E4-A729-73D8B54C8E85}.Debug|Any CPU.Build.0 = Debug|Any CPU
		{3247F6AD-1330-49E4-A729-73D8B54C8E85}.Release|Any CPU.ActiveCfg = Release|Any CPU
		{3247F6AD-1330-49E4-A729-73D8B54C8E85}.Release|Any CPU.Build.0 = Release|Any CPU
	EndGlobalSection
	GlobalSection(SolutionProperties) = preSolution
		HideSolutionNode = FALSE
	EndGlobalSection
	GlobalSection(ExtensibilityGlobals) = postSolution
		SolutionGuid = {3A3EFA8A-4E6E-498F-A9B8-32AED8455A7F}
	EndGlobalSection
EndGlobal
